
Microsoft Visual Studio Solution File, Format Version 12.00
# Visual Studio Version 17
VisualStudioVersion = 17.9.34902.65
MinimumVisualStudioVersion = 10.0.40219.1
Project("{9A19103F-16F7-4668-BE54-9A1E7A4F7556}") = "UserProvider", "UserProvider\UserProvider.csproj", "{1331D520-A170-43FB-A8B8-9E5D1F6EA8CB}"
EndProject
Global
	GlobalSection(SolutionConfigurationPlatforms) = preSolution
		Debug|Any CPU = Debug|Any CPU
		Release|Any CPU = Release|Any CPU
	EndGlobalSection
	GlobalSection(ProjectConfigurationPlatforms) = postSolution
		{1331D520-A170-43FB-A8B8-9E5D1F6EA8CB}.Debug|Any CPU.ActiveCfg = Debug|Any CPU
		{1331D520-A170-43FB-A8B8-9E5D1F6EA8CB}.Debug|Any CPU.Build.0 = Debug|Any CPU
		{1331D520-A170-43FB-A8B8-9E5D1F6EA8CB}.Release|Any CPU.ActiveCfg = Release|Any CPU
		{1331D520-A170-43FB-A8B8-9E5D1F6EA8CB}.Release|Any CPU.Build.0 = Release|Any CPU
	EndGlobalSection
	GlobalSection(SolutionProperties) = preSolution
		HideSolutionNode = FALSE
	EndGlobalSection
	GlobalSection(ExtensibilityGlobals) = postSolution
		SolutionGuid = {FEAA92C4-6F13-435B-BF7A-F250F7403EA6}
	EndGlobalSection
EndGlobal
